// !$*UTF8*$!
{
	archiveVersion = 1;
	classes = {
	};
	objectVersion = 77;
	objects = {

/* Begin PBXBuildFile section */
		6702C3CC2CD1D54D00BFB0EC /* Auth in Frameworks */ = {isa = PBXBuildFile; productRef = 6702C3CB2CD1D54D00BFB0EC /* Auth */; };
		6702C3CE2CD1D54D00BFB0EC /* Functions in Frameworks */ = {isa = PBXBuildFile; productRef = 6702C3CD2CD1D54D00BFB0EC /* Functions */; };
		6702C3D02CD1D54D00BFB0EC /* PostgREST in Frameworks */ = {isa = PBXBuildFile; productRef = 6702C3CF2CD1D54D00BFB0EC /* PostgREST */; };
		6702C3D22CD1D54D00BFB0EC /* Realtime in Frameworks */ = {isa = PBXBuildFile; productRef = 6702C3D12CD1D54D00BFB0EC /* Realtime */; };
		6702C3D42CD1D54D00BFB0EC /* Storage in Frameworks */ = {isa = PBXBuildFile; productRef = 6702C3D32CD1D54D00BFB0EC /* Storage */; };
		6702C3DD2CD1D6E000BFB0EC /* Supabase in Frameworks */ = {isa = PBXBuildFile; productRef = 6702C3DC2CD1D6E000BFB0EC /* Supabase */; };
/* End PBXBuildFile section */

/* Begin PBXFileReference section */
		6702C3B92CD1D48C00BFB0EC /* SupaBaseTutorial.app */ = {isa = PBXFileReference; explicitFileType = wrapper.application; includeInIndex = 0; path = SupaBaseTutorial.app; sourceTree = BUILT_PRODUCTS_DIR; };
/* End PBXFileReference section */

/* Begin PBXFileSystemSynchronizedRootGroup section */
		6702C3BB2CD1D48C00BFB0EC /* SupaBaseTutorial */ = {
			isa = PBXFileSystemSynchronizedRootGroup;
			path = SupaBaseTutorial;
			sourceTree = "<group>";
		};
/* End PBXFileSystemSynchronizedRootGroup section */

/* Begin PBXFrameworksBuildPhase section */
		6702C3B62CD1D48C00BFB0EC /* Frameworks */ = {
			isa = PBXFrameworksBuildPhase;
			buildActionMask = 2147483647;
			files = (
				6702C3D02CD1D54D00BFB0EC /* PostgREST in Frameworks */,
				6702C3CE2CD1D54D00BFB0EC /* Functions in Frameworks */,
				6702C3DD2CD1D6E000BFB0EC /* Supabase in Frameworks */,
				6702C3CC2CD1D54D00BFB0EC /* Auth in Frameworks */,
				6702C3D42CD1D54D00BFB0EC /* Storage in Frameworks */,
				6702C3D22CD1D54D00BFB0EC /* Realtime in Frameworks */,
			);
			runOnlyForDeploymentPostprocessing = 0;
		};
/* End PBXFrameworksBuildPhase section */

/* Begin PBXGroup section */
		6702C3B02CD1D48C00BFB0EC = {
			isa = PBXGroup;
			children = (
				6702C3BB2CD1D48C00BFB0EC /* SupaBaseTutorial */,
				6702C3DB2CD1D6E000BFB0EC /* Frameworks */,
				6702C3BA2CD1D48C00BFB0EC /* Products */,
			);
			sourceTree = "<group>";
		};
		6702C3BA2CD1D48C00BFB0EC /* Products */ = {
			isa = PBXGroup;
			children = (
				6702C3B92CD1D48C00BFB0EC /* SupaBaseTutorial.app */,
			);
			name = Products;
			sourceTree = "<group>";
		};
		6702C3DB2CD1D6E000BFB0EC /* Frameworks */ = {
			isa = PBXGroup;
			children = (
			);
			name = Frameworks;
			sourceTree = "<group>";
		};
/* End PBXGroup section */

/* Begin PBXNativeTarget section */
		6702C3B82CD1D48C00BFB0EC /* SupaBaseTutorial */ = {
			isa = PBXNativeTarget;
			buildConfigurationList = 6702C3C72CD1D48E00BFB0EC /* Build configuration list for PBXNativeTarget "SupaBaseTutorial" */;
			buildPhases = (
				6702C3B52CD1D48C00BFB0EC /* Sources */,
				6702C3B62CD1D48C00BFB0EC /* Frameworks */,
				6702C3B72CD1D48C00BFB0EC /* Resources */,
			);
			buildRules = (
			);
			dependencies = (
			);
			fileSystemSynchronizedGroups = (
				6702C3BB2CD1D48C00BFB0EC /* SupaBaseTutorial */,
			);
			name = SupaBaseTutorial;
			packageProductDependencies = (
				6702C3CB2CD1D54D00BFB0EC /* Auth */,
				6702C3CD2CD1D54D00BFB0EC /* Functions */,
				6702C3CF2CD1D54D00BFB0EC /* PostgREST */,
				6702C3D12CD1D54D00BFB0EC /* Realtime */,
				6702C3D32CD1D54D00BFB0EC /* Storage */,
				6702C3DC2CD1D6E000BFB0EC /* Supabase */,
			);
			productName = SupaBaseTutorial;
			productReference = 6702C3B92CD1D48C00BFB0EC /* SupaBaseTutorial.app */;
			productType = "com.apple.product-type.application";
		};
/* End PBXNativeTarget section */

/* Begin PBXProject section */
		6702C3B12CD1D48C00BFB0EC /* Project object */ = {
			isa = PBXProject;
			attributes = {
				BuildIndependentTargetsInParallel = 1;
				LastSwiftUpdateCheck = 1610;
				LastUpgradeCheck = 1610;
				TargetAttributes = {
					6702C3B82CD1D48C00BFB0EC = {
						CreatedOnToolsVersion = 16.1;
					};
				};
			};
			buildConfigurationList = 6702C3B42CD1D48C00BFB0EC /* Build configuration list for PBXProject "SupaBaseTutorial" */;
			developmentRegion = en;
			hasScannedForEncodings = 0;
			knownRegions = (
				en,
				Base,
			);
			mainGroup = 6702C3B02CD1D48C00BFB0EC;
			minimizedProjectReferenceProxies = 1;
			packageReferences = (
				6702C3CA2CD1D54D00BFB0EC /* XCRemoteSwiftPackageReference "supabase-swift" */,
			);
			preferredProjectObjectVersion = 77;
			productRefGroup = 6702C3BA2CD1D48C00BFB0EC /* Products */;
			projectDirPath = "";
			projectRoot = "";
			targets = (
				6702C3B82CD1D48C00BFB0EC /* SupaBaseTutorial */,
			);
		};
/* End PBXProject section */

/* Begin PBXResourcesBuildPhase section */
		6702C3B72CD1D48C00BFB0EC /* Resources */ = {
			isa = PBXResourcesBuildPhase;
			buildActionMask = 2147483647;
			files = (
			);
			runOnlyForDeploymentPostprocessing = 0;
		};
/* End PBXResourcesBuildPhase section */

/* Begin PBXSourcesBuildPhase section */
		6702C3B52CD1D48C00BFB0EC /* Sources */ = {
			isa = PBXSourcesBuildPhase;
			buildActionMask = 2147483647;
			files = (
			);
			runOnlyForDeploymentPostprocessing = 0;
		};
/* End PBXSourcesBuildPhase section */

/* Begin XCBuildConfiguration section */
		6702C3C52CD1D48E00BFB0EC /* Debug */ = {
			isa = XCBuildConfiguration;
			buildSettings = {
				ALWAYS_SEARCH_USER_PATHS = NO;
				ASSETCATALOG_COMPILER_GENERATE_SWIFT_ASSET_SYMBOL_EXTENSIONS = YES;
				CLANG_ANALYZER_NONNULL = YES;
				CLANG_ANALYZER_NUMBER_OBJECT_CONVERSION = YES_AGGRESSIVE;
				CLANG_CXX_LANGUAGE_STANDARD = "gnu++20";
				CLANG_ENABLE_MODULES = YES;
				CLANG_ENABLE_OBJC_ARC = YES;
				CLANG_ENABLE_OBJC_WEAK = YES;
				CLANG_WARN_BLOCK_CAPTURE_AUTORELEASING = YES;
				CLANG_WARN_BOOL_CONVERSION = YES;
				CLANG_WARN_COMMA = YES;
				CLANG_WARN_CONSTANT_CONVERSION = YES;
				CLANG_WARN_DEPRECATED_OBJC_IMPLEMENTATIONS = YES;
				CLANG_WARN_DIRECT_OBJC_ISA_USAGE = YES_ERROR;
				CLANG_WARN_DOCUMENTATION_COMMENTS = YES;
				CLANG_WARN_EMPTY_BODY = YES;
				CLANG_WARN_ENUM_CONVERSION = YES;
				CLANG_WARN_INFINITE_RECURSION = YES;
				CLANG_WARN_INT_CONVERSION = YES;
				CLANG_WARN_NON_LITERAL_NULL_CONVERSION = YES;
				CLANG_WARN_OBJC_IMPLICIT_RETAIN_SELF = YES;
				CLANG_WARN_OBJC_LITERAL_CONVERSION = YES;
				CLANG_WARN_OBJC_ROOT_CLASS = YES_ERROR;
				CLANG_WARN_QUOTED_INCLUDE_IN_FRAMEWORK_HEADER = YES;
				CLANG_WARN_RANGE_LOOP_ANALYSIS = YES;
				CLANG_WARN_STRICT_PROTOTYPES = YES;
				CLANG_WARN_SUSPICIOUS_MOVE = YES;
				CLANG_WARN_UNGUARDED_AVAILABILITY = YES_AGGRESSIVE;
				CLANG_WARN_UNREACHABLE_CODE = YES;
				CLANG_WARN__DUPLICATE_METHOD_MATCH = YES;
				COPY_PHASE_STRIP = NO;
				DEBUG_INFORMATION_FORMAT = dwarf;
				ENABLE_STRICT_OBJC_MSGSEND = YES;
				ENABLE_TESTABILITY = YES;
				ENABLE_USER_SCRIPT_SANDBOXING = YES;
				GCC_C_LANGUAGE_STANDARD = gnu17;
				GCC_DYNAMIC_NO_PIC = NO;
				GCC_NO_COMMON_BLOCKS = YES;
				GCC_OPTIMIZATION_LEVEL = 0;
				GCC_PREPROCESSOR_DEFINITIONS = (
					"DEBUG=1",
					"$(inherited)",
				);
				GCC_WARN_64_TO_32_BIT_CONVERSION = YES;
				GCC_WARN_ABOUT_RETURN_TYPE = YES_ERROR;
				GCC_WARN_UNDECLARED_SELECTOR = YES;
				GCC_WARN_UNINITIALIZED_AUTOS = YES_AGGRESSIVE;
				GCC_WARN_UNUSED_FUNCTION = YES;
				GCC_WARN_UNUSED_VARIABLE = YES;
				IPHONEOS_DEPLOYMENT_TARGET = 18.1;
				LOCALIZATION_PREFERS_STRING_CATALOGS = YES;
				MTL_ENABLE_DEBUG_INFO = INCLUDE_SOURCE;
				MTL_FAST_MATH = YES;
				ONLY_ACTIVE_ARCH = YES;
				SDKROOT = iphoneos;
				SWIFT_ACTIVE_COMPILATION_CONDITIONS = "DEBUG $(inherited)";
				SWIFT_OPTIMIZATION_LEVEL = "-Onone";
			};
			name = Debug;
		};
		6702C3C62CD1D48E00BFB0EC /* Release */ = {
			isa = XCBuildConfiguration;
			buildSettings = {
				ALWAYS_SEARCH_USER_PATHS = NO;
				ASSETCATALOG_COMPILER_GENERATE_SWIFT_ASSET_SYMBOL_EXTENSIONS = YES;
				CLANG_ANALYZER_NONNULL = YES;
				CLANG_ANALYZER_NUMBER_OBJECT_CONVERSION = YES_AGGRESSIVE;
				CLANG_CXX_LANGUAGE_STANDARD = "gnu++20";
				CLANG_ENABLE_MODULES = YES;
				CLANG_ENABLE_OBJC_ARC = YES;
				CLANG_ENABLE_OBJC_WEAK = YES;
				CLANG_WARN_BLOCK_CAPTURE_AUTORELEASING = YES;
				CLANG_WARN_BOOL_CONVERSION = YES;
				CLANG_WARN_COMMA = YES;
				CLANG_WARN_CONSTANT_CONVERSION = YES;
				CLANG_WARN_DEPRECATED_OBJC_IMPLEMENTATIONS = YES;
				CLANG_WARN_DIRECT_OBJC_ISA_USAGE = YES_ERROR;
				CLANG_WARN_DOCUMENTATION_COMMENTS = YES;
				CLANG_WARN_EMPTY_BODY = YES;
				CLANG_WARN_ENUM_CONVERSION = YES;
				CLANG_WARN_INFINITE_RECURSION = YES;
				CLANG_WARN_INT_CONVERSION = YES;
				CLANG_WARN_NON_LITERAL_NULL_CONVERSION = YES;
				CLANG_WARN_OBJC_IMPLICIT_RETAIN_SELF = YES;
				CLANG_WARN_OBJC_LITERAL_CONVERSION = YES;
				CLANG_WARN_OBJC_ROOT_CLASS = YES_ERROR;
				CLANG_WARN_QUOTED_INCLUDE_IN_FRAMEWORK_HEADER = YES;
				CLANG_WARN_RANGE_LOOP_ANALYSIS = YES;
				CLANG_WARN_STRICT_PROTOTYPES = YES;
				CLANG_WARN_SUSPICIOUS_MOVE = YES;
				CLANG_WARN_UNGUARDED_AVAILABILITY = YES_AGGRESSIVE;
				CLANG_WARN_UNREACHABLE_CODE = YES;
				CLANG_WARN__DUPLICATE_METHOD_MATCH = YES;
				COPY_PHASE_STRIP = NO;
				DEBUG_INFORMATION_FORMAT = "dwarf-with-dsym";
				ENABLE_NS_ASSERTIONS = NO;
				ENABLE_STRICT_OBJC_MSGSEND = YES;
				ENABLE_USER_SCRIPT_SANDBOXING = YES;
				GCC_C_LANGUAGE_STANDARD = gnu17;
				GCC_NO_COMMON_BLOCKS = YES;
				GCC_WARN_64_TO_32_BIT_CONVERSION = YES;
				GCC_WARN_ABOUT_RETURN_TYPE = YES_ERROR;
				GCC_WARN_UNDECLARED_SELECTOR = YES;
				GCC_WARN_UNINITIALIZED_AUTOS = YES_AGGRESSIVE;
				GCC_WARN_UNUSED_FUNCTION = YES;
				GCC_WARN_UNUSED_VARIABLE = YES;
				IPHONEOS_DEPLOYMENT_TARGET = 18.1;
				LOCALIZATION_PREFERS_STRING_CATALOGS = YES;
				MTL_ENABLE_DEBUG_INFO = NO;
				MTL_FAST_MATH = YES;
				SDKROOT = iphoneos;
				SWIFT_COMPILATION_MODE = wholemodule;
				VALIDATE_PRODUCT = YES;
			};
			name = Release;
		};
		6702C3C82CD1D48E00BFB0EC /* Debug */ = {
			isa = XCBuildConfiguration;
			buildSettings = {
				ASSETCATALOG_COMPILER_APPICON_NAME = AppIcon;
				ASSETCATALOG_COMPILER_GLOBAL_ACCENT_COLOR_NAME = AccentColor;
				CODE_SIGN_ENTITLEMENTS = SupaBaseTutorial/SupaBaseTutorial.entitlements;
				CODE_SIGN_STYLE = Automatic;
				CURRENT_PROJECT_VERSION = 1;
				DEVELOPMENT_ASSET_PATHS = "\"SupaBaseTutorial/Preview Content\"";
				DEVELOPMENT_TEAM = YA2L55RA8L;
				ENABLE_PREVIEWS = YES;
				GENERATE_INFOPLIST_FILE = YES;
				INFOPLIST_KEY_UIApplicationSceneManifest_Generation = YES;
				INFOPLIST_KEY_UIApplicationSupportsIndirectInputEvents = YES;
				INFOPLIST_KEY_UILaunchScreen_Generation = YES;
				INFOPLIST_KEY_UISupportedInterfaceOrientations_iPad = "UIInterfaceOrientationPortrait UIInterfaceOrientationPortraitUpsideDown UIInterfaceOrientationLandscapeLeft UIInterfaceOrientationLandscapeRight";
				INFOPLIST_KEY_UISupportedInterfaceOrientations_iPhone = "UIInterfaceOrientationPortrait UIInterfaceOrientationLandscapeLeft UIInterfaceOrientationLandscapeRight";
				IPHONEOS_DEPLOYMENT_TARGET = 18.0;
				LD_RUNPATH_SEARCH_PATHS = (
					"$(inherited)",
					"@executable_path/Frameworks",
				);
				MARKETING_VERSION = 1.0;
				PRODUCT_BUNDLE_IDENTIFIER = kristantosean.com.SupaBaseTutorial;
				PRODUCT_NAME = "$(TARGET_NAME)";
				SWIFT_EMIT_LOC_STRINGS = YES;
				SWIFT_VERSION = 5.0;
				TARGETED_DEVICE_FAMILY = "1,2";
			};
			name = Debug;
		};
		6702C3C92CD1D48E00BFB0EC /* Release */ = {
			isa = XCBuildConfiguration;
			buildSettings = {
				ASSETCATALOG_COMPILER_APPICON_NAME = AppIcon;
				ASSETCATALOG_COMPILER_GLOBAL_ACCENT_COLOR_NAME = AccentColor;
				CODE_SIGN_ENTITLEMENTS = SupaBaseTutorial/SupaBaseTutorial.entitlements;
				CODE_SIGN_STYLE = Automatic;
				CURRENT_PROJECT_VERSION = 1;
				DEVELOPMENT_ASSET_PATHS = "\"SupaBaseTutorial/Preview Content\"";
				DEVELOPMENT_TEAM = YA2L55RA8L;
				ENABLE_PREVIEWS = YES;
				GENERATE_INFOPLIST_FILE = YES;
				INFOPLIST_KEY_UIApplicationSceneManifest_Generation = YES;
				INFOPLIST_KEY_UIApplicationSupportsIndirectInputEvents = YES;
				INFOPLIST_KEY_UILaunchScreen_Generation = YES;
				INFOPLIST_KEY_UISupportedInterfaceOrientations_iPad = "UIInterfaceOrientationPortrait UIInterfaceOrientationPortraitUpsideDown UIInterfaceOrientationLandscapeLeft UIInterfaceOrientationLandscapeRight";
				INFOPLIST_KEY_UISupportedInterfaceOrientations_iPhone = "UIInterfaceOrientationPortrait UIInterfaceOrientationLandscapeLeft UIInterfaceOrientationLandscapeRight";
				IPHONEOS_DEPLOYMENT_TARGET = 18.0;
				LD_RUNPATH_SEARCH_PATHS = (
					"$(inherited)",
					"@executable_path/Frameworks",
				);
				MARKETING_VERSION = 1.0;
				PRODUCT_BUNDLE_IDENTIFIER = kristantosean.com.SupaBaseTutorial;
				PRODUCT_NAME = "$(TARGET_NAME)";
				SWIFT_EMIT_LOC_STRINGS = YES;
				SWIFT_VERSION = 5.0;
				TARGETED_DEVICE_FAMILY = "1,2";
			};
			name = Release;
		};
/* End XCBuildConfiguration section */

/* Begin XCConfigurationList section */
		6702C3B42CD1D48C00BFB0EC /* Build configuration list for PBXProject "SupaBaseTutorial" */ = {
			isa = XCConfigurationList;
			buildConfigurations = (
				6702C3C52CD1D48E00BFB0EC /* Debug */,
				6702C3C62CD1D48E00BFB0EC /* Release */,
			);
			defaultConfigurationIsVisible = 0;
			defaultConfigurationName = Release;
		};
		6702C3C72CD1D48E00BFB0EC /* Build configuration list for PBXNativeTarget "SupaBaseTutorial" */ = {
			isa = XCConfigurationList;
			buildConfigurations = (
				6702C3C82CD1D48E00BFB0EC /* Debug */,
				6702C3C92CD1D48E00BFB0EC /* Release */,
			);
			defaultConfigurationIsVisible = 0;
			defaultConfigurationName = Release;
		};
/* End XCConfigurationList section */

/* Begin XCRemoteSwiftPackageReference section */
		6702C3CA2CD1D54D00BFB0EC /* XCRemoteSwiftPackageReference "supabase-swift" */ = {
			isa = XCRemoteSwiftPackageReference;
			repositoryURL = "https://github.com/supabase-community/supabase-swift.git";
			requirement = {
				kind = upToNextMajorVersion;
				minimumVersion = 2.5.1;
			};
		};
/* End XCRemoteSwiftPackageReference section */

/* Begin XCSwiftPackageProductDependency section */
		6702C3CB2CD1D54D00BFB0EC /* Auth */ = {
			isa = XCSwiftPackageProductDependency;
			package = 6702C3CA2CD1D54D00BFB0EC /* XCRemoteSwiftPackageReference "supabase-swift" */;
			productName = Auth;
		};
		6702C3CD2CD1D54D00BFB0EC /* Functions */ = {
			isa = XCSwiftPackageProductDependency;
			package = 6702C3CA2CD1D54D00BFB0EC /* XCRemoteSwiftPackageReference "supabase-swift" */;
			productName = Functions;
		};
		6702C3CF2CD1D54D00BFB0EC /* PostgREST */ = {
			isa = XCSwiftPackageProductDependency;
			package = 6702C3CA2CD1D54D00BFB0EC /* XCRemoteSwiftPackageReference "supabase-swift" */;
			productName = PostgREST;
		};
		6702C3D12CD1D54D00BFB0EC /* Realtime */ = {
			isa = XCSwiftPackageProductDependency;
			package = 6702C3CA2CD1D54D00BFB0EC /* XCRemoteSwiftPackageReference "supabase-swift" */;
			productName = Realtime;
		};
		6702C3D32CD1D54D00BFB0EC /* Storage */ = {
			isa = XCSwiftPackageProductDependency;
			package = 6702C3CA2CD1D54D00BFB0EC /* XCRemoteSwiftPackageReference "supabase-swift" */;
			productName = Storage;
		};
		6702C3DC2CD1D6E000BFB0EC /* Supabase */ = {
			isa = XCSwiftPackageProductDependency;
			package = 6702C3CA2CD1D54D00BFB0EC /* XCRemoteSwiftPackageReference "supabase-swift" */;
			productName = Supabase;
		};
/* End XCSwiftPackageProductDependency section */
	};
	rootObject = 6702C3B12CD1D48C00BFB0EC /* Project object */;
}
